{
  "requires": true,
  "lockfileVersion": 1,
  "dependencies": {
    "applause-button": {
      "version": "3.3.2",
      "resolved": "https://registry.npmjs.org/applause-button/-/applause-button-3.3.2.tgz",
      "integrity": "sha512-/b7X8dplrau0Gqs4FWYx0bTO43g/P1NMBLr5GDzUvWeOfySCpLLlazky7Dw/PowxMj51ayfK+adtTnqfUgG7pQ==",
      "requires": {
        "document-register-element": "^1.8.1"
      }
    },
    "document-register-element": {
      "version": "1.14.10",
      "resolved": "https://registry.npmjs.org/document-register-element/-/document-register-element-1.14.10.tgz",
      "integrity": "sha512-w5UA37hEIrs+9pruo2yR5UD13c4UHDlkqqjt4qurnp7QsBI9b1IOi8WXUim+aCqKBsENX3Z/cso7XMOuwJH1Yw=="
    }
  }
}
